github.com/Avalanche-io/sled v0.0.0-20180419024350-31973338be27 h1:StCd9VrBBcXDggaEEMF9vLxHumkahfe0IMHESJGrB5k=
github.com/Avalanche-io/sled v0.0.0-20180419024350-31973338be27/go.mod h1:a41uV1Yd2gTUQ5HrakJaovVt0n8QA4nbL0mEqV5O7s4=
github.com/OneOfOne/cmap v0.0.0-20170825200327-ccaef7657ab8 h1:LvJrjPfvQXehyO8Vs6HK2X1jbL+8cKA5R84gj8+IIi0=
github.com/OneOfOne/cmap v0.0.0-20170825200327-ccaef7657ab8/go.mod h1:jQmVrGXGFu7sbAteKCQgJWfTJbEHUaxGw4EKV0AQxIU=
github.com/alphadose/zenq v0.0.0-20220618041920-b6f84b277e4a h1:cwMeBI7xo6k+HEZP7pBoeNKV1aq2vpCMhmS82G7r1c0=
github.com/alphadose/zenq v0.0.0-20220618041920-b6f84b277e4a/go.mod h1:G21NpFAS9GQ5yA+P7xpqok3ZOsn5ao96Rc0vWhHyz0g=
github.com/armon/go-radix v1.0.0 h1:F4z6KzEeeQIMeLFa97iZU6vupzoecKdU5TX24SNppXI=
github.com/armon/go-radix v1.0.0/go.mod h1:ufUuZ+zHj4x4TnLV4JWEpy2hxWSpsRywHrMgIH9cCH8=
github.com/bmkessler/fastdiv v0.0.0-20190227075523-41d5178f2044 h1:8Rz0TcIbkvU+x53bDQgezQ3tbjrQSpZRr6h9JnR9lZU=
github.com/bmkessler/fastdiv v0.0.0-20190227075523-41d5178f2044/go.mod h1:OI0uaNyGvxANSxteY6/mFRZs9EcQGqK30Bd1wqQj9zQ=
github.com/bwmarrin/snowflake v0.3.0 h1:xm67bEhkKh6ij1790JB83OujPR5CzNe8QuQqAgISZN0=
github.com/bwmarrin/snowflake v0.3.0/go.mod h1:NdZxfVWX+oR6y2K0o6qAYv6gIOP9rjG0/E9WsDpxqwE=
github.com/goccy/go-json v0.9.7 h1:IcB+Aqpx/iMHu5Yooh7jEzJk1JZ7Pjtmys2ukPr7EeM=
github.com/goccy/go-json v0.9.7/go.mod h1:6MelG93GURQebXPDq3khkgXZkazVtN9CRI+MGFi0w8I=
github.com/google/btree v1.1.2 h1:xf4v41cLI2Z6FxbKm+8Bu+m8ifhj15JuZ9sa0jZCMUU=
github.com/google/btree v1.1.2/go.mod h1:qOPhT0dTNdNzV6Z/lhRX0YXUafgPLFUh+gZMl761Gm4=
github.com/google/uuid v1.3.0 h1:t6JiXgmwXMjEs8VusXIJk2BXHsn+wx8BZdTaoZ5fu7I=
github.com/google/uuid v1.3.0/go.mod h1:TIyPZe4MgqvfeYDBFedMoGGpEw/LqOeaOT+nhxU+yHo=
github.com/hlts2/gfreequeue v0.0.0-20180823080253-aadb0427e4ed h1:A+Rb1qpUinHW9ZnBOeUwM/9eWztJie+VvT1wcIw+JBM=
github.com/hlts2/gfreequeue v0.0.0-20180823080253-aadb0427e4ed/go.mod h1:4VdVvqwPUjnUxX2kOjqavamJyUtKGNJfyfAxVAQCB+0=
github.com/hlts2/lock-free v0.0.0-20180728112035-df59f3adb0c5 h1:TEG3N5fncsaa1B65oh8/Qeyf1b5j8Pc0bA699iaxlW4=
github.com/hlts2/lock-free v0.0.0-20180728112035-df59f3adb0c5/go.mod h1:35/jLZDiQIG6/HV2Hq4nZLZIvupPvjwEad2onYWg5OQ=
github.com/klauspost/cpuid/v2 v2.0.9 h1:lgaqFMSdTdQYdZ04uHyN2d/eKdOMyi2YLSvlQIBFYa4=
github.com/klauspost/cpuid/v2 v2.0.9/go.mod h1:FInQzS24/EEf25PyTYn52gqo7WaD8xa0213Md/qVLRg=
github.com/kpango/fastime v1.1.4 h1:pus9JgJBg/8Jie3ozayA4yNIV67BUPhbq0wMZY3CtYo=
github.com/kpango/fastime v1.1.4/go.mod h1:tTNDbIo5qL6D7g5vh2YbkyUbOVP2kD/we3rSjN22PMY=
github.com/kpango/gache v1.2.8 h1:+OjREOmuWO4qrJksDhzWJq80o9iwHiezdVmMR1jtCG0=
github.com/kpango/gache v1.2.8/go.mod h1:UyBo0IoPFDSJypK2haDXeV6PwHEmBcXQA0BLuOYEvWg=
github.com/kpango/glg v1.6.11 h1:5lXZ/5VEK4eWL5pjPE5ZMxN1JHlFqIimWSiXpq0h9oo=
github.com/kpango/glg v1.6.11/go.mod h1:r7Ikzdm7isdpn2CM1fGsE3dZH5iDpP/MzHMfPhUngY0=
github.com/kpango/gt v0.0.0-20211215042205-8306ff43699c h1:K3mwpklBZeclll/4Utmf9cilm0b724NIBGnSEJd6yck=
github.com/kpango/gt v0.0.0-20211215042205-8306ff43699c/go.mod h1:FoKwhBYbyJIjFAR6GziEOiRGkXetCgUsz+aPnADsj6k=
github.com/orcaman/concurrent-map v1.0.0 h1:I/2A2XPCb4IuQWcQhBhSwGfiuybl/J0ev9HDbW65HOY=
github.com/orcaman/concurrent-map v1.0.0/go.mod h1:Lu3tH6HLW3feq74c2GC+jIMS/K2CFcDWnWD9XkenwhI=
github.com/panjf2000/ants/v2 v2.5.0 h1:1rWGWSnxCsQBga+nQbA4/iY6VMeNoOIAM0ZWh9u3q2Q=
github.com/panjf2000/ants/v2 v2.5.0/go.mod h1:cU93usDlihJZ5CfRGNDYsiBYvoilLvBF5Qp/BT2GNRE=
github.com/petermattis/goid v0.0.0-20220526132513-07eaf5d0b9f4 h1:COozsq2xbSoZ6kt+/iHGF7eQqiUZr2uxQoAe4OzNkhE=
github.com/petermattis/goid v0.0.0-20220526132513-07eaf5d0b9f4/go.mod h1:pxMtw7cyUw6B2bRH0ZBANSPg+AoSud1I1iyJHI69jH4=
github.com/puzpuzpuz/xsync v1.2.1 h1:faRb6HT9XN3IAhnE7IP0TnPpokPK42qFKXkhQVkWNwM=
github.com/puzpuzpuz/xsync v1.2.1/go.mod h1:K98BYhX3k1dQ2M63t1YNVDanbwUPmBCAhNmVrrxfiGg=
github.com/rxdevgod/zcache v0.0.0-20210623141044-ad41ad83bcaf h1:405Jjl63vm/gBHEcmW1+O4E6nmqbdxqX10iEhfQ4iNc=
github.com/rxdevgod/zcache v0.0.0-20210623141044-ad41ad83bcaf/go.mod h1:s5K+/p7i9ROyndS/Mcl9tGZtNq2FTc961ImgxN2pWT0=
github.com/segmentio/fasthash v1.0.3 h1:EI9+KE1EwvMLBWwjpRDc+fEM+prwxDYbslddQGtrmhM=
github.com/segmentio/fasthash v1.0.3/go.mod h1:waKX8l2N8yckOgmSsXJi7x1ZfdKZ4x7KRMzBtS3oedY=
github.com/sigurn/crc16 v0.0.0-20211026045750-20ab5afb07e3 h1:aQKxg3+2p+IFXXg97McgDGT5zcMrQoi0EICZs8Pgchs=
github.com/sigurn/crc16 v0.0.0-20211026045750-20ab5afb07e3/go.mod h1:9/etS5gpQq9BJsJMWg1wpLbfuSnkm8dPF6FdW2JXVhA=
github.com/tidwall/btree v1.3.1 h1:636+tdVDs8Hjcf35Di260W2xCW4KuoXOKyk9QWOvCpA=
github.com/tidwall/btree v1.3.1/go.mod h1:LGm8L/DZjPLmeWGjv5kFrY8dL4uVhMmzmmLYmsObdKE=
github.com/tidwall/lotsa v1.0.2 h1:dNVBH5MErdaQ/xd9s769R31/n2dXavsQ0Yf4TMEHHw8=
github.com/tidwall/lotsa v1.0.2/go.mod h1:X6NiU+4yHA3fE3Puvpnn1XMDrFZrE9JO2/w+UMuqgR8=
github.com/valyala/fastrand v1.1.0 h1:f+5HkLW4rsgzdNoleUOB69hyT9IlD2ZQh9GyDMfb5G8=
github.com/valyala/fastrand v1.1.0/go.mod h1:HWqCzkrkg6QXT8V2EXWvXCoow7vLwOFN002oeRzjapQ=
github.com/zeebo/xxh3 v1.0.2 h1:xZmwmqxHZA8AI603jOQ0tMqmBr9lPeFwGg6d+xy9DC0=
github.com/zeebo/xxh3 v1.0.2/go.mod h1:5NWz9Sef7zIDm2JHfFlcQvNekmcEl9ekUZQQKCYaDcA=
go.linecorp.com/garr v0.1.1 h1:eBKzSKV2pwEyqxxkWzIHFj+utjtOKYYcX8gorYLBz1Q=
go.linecorp.com/garr v0.1.1/go.mod h1:xqyZc+99gJVcjyCcpbSywIfU7iaHGdOQNHgR0ZwN6rw=
golang.design/x/lockfree v0.0.1 h1:IHFNwZgM5bnZYWkEbzn5lWHMYr8WsRBdCJ/RBVY0xMM=
golang.design/x/lockfree v0.0.1/go.mod h1:iaZUx6UgZaOdePjzI6wFd+seYMl1i0rsG8+xKvA8c4I=
golang.org/x/exp v0.0.0-20220325121720-054d8573a5d8 h1:Xt4/LzbTwfocTk9ZLEu4onjeFucl88iW+v4j4PWbQuE=
golang.org/x/exp v0.0.0-20220325121720-054d8573a5d8/go.mod h1:lgLbSvA5ygNOMpwM/9anMpWVlVJ7Z+cHWq/eFuinpGE=
golang.org/x/sync v0.0.0-20220601150217-0de741cfad7f h1:Ax0t5p6N38Ga0dThY21weqDEyz2oklo4IvDkpigvkD8=
golang.org/x/sync v0.0.0-20220601150217-0de741cfad7f/go.mod h1:RxMgew5VJxzue5/jJTE5uejpjVlOe/izrB70Jof72aM=
gopkg.in/OlexiyKhokhlov/avltree.v2 v2.0.1 h1:TeFuFyVKzfi5FMzbmolZjoI3OY9ZBsZin4WElZKM0Co=
gopkg.in/OlexiyKhokhlov/avltree.v2 v2.0.1/go.mod h1:qUWyquyeASFrFBdynjiYJjswMEIRebZwa4OPM5ycjU8=
